# This file is automatically @generated by Cargo.
# It is not intended for manual editing.
version = 3

[[package]]
name = "jlox"
version = "0.1.0"
dependencies = [
 "trycatch",
]

[[package]]
name = "trycatch"
version = "0.1.0"
source = "git+https://github.com/sigmaSd/trycatch#53f81af1d3448ddfa364a4fbe18df5971b222508"
dependencies = [
 "trycatch-derive",
]

[[package]]
name = "trycatch-derive"
version = "0.1.0"
source = "git+https://github.com/sigmaSd/trycatch#53f81af1d3448ddfa364a4fbe18df5971b222508"
