# This file is automatically @generated by Cargo.
# It is not intended for manual editing.
version = 3

[[package]]
name = "jlox"
version = "0.1.0"
dependencies = [
 "trycatch",
]

[[package]]
name = "trycatch"
version = "0.1.0"
source = "git+https://github.com/sigmaSd/trycatch#1db8435057182d9df87081b9bc0fe78eb5fa86b5"
dependencies = [
 "trycatch-derive",
]

[[package]]
name = "trycatch-derive"
version = "0.1.0"
source = "git+https://github.com/sigmaSd/trycatch#1db8435057182d9df87081b9bc0fe78eb5fa86b5"
